
Microsoft Visual Studio Solution File, Format Version 12.00
# Visual Studio Version 17
Project("{2150E333-8FDC-42A3-9474-1A3956D46DE8}") = "CMakePredefinedTargets", "CMakePredefinedTargets", "{B3AD5BCB-4A42-3FE8-9C1E-8957CEF86973}"
EndProject
Project("{2150E333-8FDC-42A3-9474-1A3956D46DE8}") = "RTXGI SDK", "RTXGI SDK", "{9DFBC880-B132-3AE9-97EF-47ED973C5BA4}"
EndProject
Project("{2150E333-8FDC-42A3-9474-1A3956D46DE8}") = "RTXGI Samples", "RTXGI Samples", "{E768811B-60DE-3FA8-995A-23456C0E4A53}"
EndProject
Project("{2150E333-8FDC-42A3-9474-1A3956D46DE8}") = "Thirdparty", "Thirdparty", "{91D2395F-E0BC-3A28-AA6E-56F334DC11E1}"
EndProject
Project("{2150E333-8FDC-42A3-9474-1A3956D46DE8}") = "GLFW3", "Thirdparty\GLFW3", "{3491709E-8E8A-377A-903D-A7B4A01C5ABF}"
EndProject
Project("{8BC9CEB8-8B4A-11D0-8D11-00A0C91BC942}") = "ALL_BUILD", "ALL_BUILD.vcxproj", "{CBE136E6-7996-330B-A536-C7FCD762E0E0}"
	ProjectSection(ProjectDependencies) = postProject
		{BE7AE466-7EBE-3998-AF16-DFED1C9346F4} = {BE7AE466-7EBE-3998-AF16-DFED1C9346F4}
		{6D17E6B3-0136-35BB-B42F-8302321BE005} = {6D17E6B3-0136-35BB-B42F-8302321BE005}
		{2B3CBA78-4710-32E1-8EE8-C28A179A7D02} = {2B3CBA78-4710-32E1-8EE8-C28A179A7D02}
		{EDEF042E-6A00-3016-AB28-F20A6349BD77} = {EDEF042E-6A00-3016-AB28-F20A6349BD77}
		{53FBB895-35D8-306A-ADD2-D310E7FF2EDE} = {53FBB895-35D8-306A-ADD2-D310E7FF2EDE}
		{5F637D05-29EE-3CED-8C59-5237AA81A653} = {5F637D05-29EE-3CED-8C59-5237AA81A653}
		{6218BA3B-BD16-3172-8C3A-A7C3FFD6BDBC} = {6218BA3B-BD16-3172-8C3A-A7C3FFD6BDBC}
	EndProjectSection
EndProject
Project("{8BC9CEB8-8B4A-11D0-8D11-00A0C91BC942}") = "INSTALL", "INSTALL.vcxproj", "{485A4F4C-184E-3056-B7A9-D83ED598B79E}"
	ProjectSection(ProjectDependencies) = postProject
		{CBE136E6-7996-330B-A536-C7FCD762E0E0} = {CBE136E6-7996-330B-A536-C7FCD762E0E0}
		{2B3CBA78-4710-32E1-8EE8-C28A179A7D02} = {2B3CBA78-4710-32E1-8EE8-C28A179A7D02}
	EndProjectSection
EndProject
Project("{8BC9CEB8-8B4A-11D0-8D11-00A0C91BC942}") = "RTXGI-D3D12", "rtxgi-sdk\RTXGI-D3D12.vcxproj", "{BE7AE466-7EBE-3998-AF16-DFED1C9346F4}"
	ProjectSection(ProjectDependencies) = postProject
		{2B3CBA78-4710-32E1-8EE8-C28A179A7D02} = {2B3CBA78-4710-32E1-8EE8-C28A179A7D02}
	EndProjectSection
EndProject
Project("{8BC9CEB8-8B4A-11D0-8D11-00A0C91BC942}") = "RTXGI-VK", "rtxgi-sdk\RTXGI-VK.vcxproj", "{6D17E6B3-0136-35BB-B42F-8302321BE005}"
	ProjectSection(ProjectDependencies) = postProject
		{2B3CBA78-4710-32E1-8EE8-C28A179A7D02} = {2B3CBA78-4710-32E1-8EE8-C28A179A7D02}
	EndProjectSection
EndProject
Project("{8BC9CEB8-8B4A-11D0-8D11-00A0C91BC942}") = "ZERO_CHECK", "ZERO_CHECK.vcxproj", "{2B3CBA78-4710-32E1-8EE8-C28A179A7D02}"
	ProjectSection(ProjectDependencies) = postProject
	EndProjectSection
EndProject
Project("{8BC9CEB8-8B4A-11D0-8D11-00A0C91BC942}") = "glfw", "thirdparty\glfw\src\glfw.vcxproj", "{EDEF042E-6A00-3016-AB28-F20A6349BD77}"
	ProjectSection(ProjectDependencies) = postProject
		{2B3CBA78-4710-32E1-8EE8-C28A179A7D02} = {2B3CBA78-4710-32E1-8EE8-C28A179A7D02}
	EndProjectSection
EndProject
Project("{8BC9CEB8-8B4A-11D0-8D11-00A0C91BC942}") = "rtxgi-VK", "samples\rtxgi-server\rtxgi-VK.vcxproj", "{53FBB895-35D8-306A-ADD2-D310E7FF2EDE}"
	ProjectSection(ProjectDependencies) = postProject
		{6D17E6B3-0136-35BB-B42F-8302321BE005} = {6D17E6B3-0136-35BB-B42F-8302321BE005}
		{2B3CBA78-4710-32E1-8EE8-C28A179A7D02} = {2B3CBA78-4710-32E1-8EE8-C28A179A7D02}
		{EDEF042E-6A00-3016-AB28-F20A6349BD77} = {EDEF042E-6A00-3016-AB28-F20A6349BD77}
		{6218BA3B-BD16-3172-8C3A-A7C3FFD6BDBC} = {6218BA3B-BD16-3172-8C3A-A7C3FFD6BDBC}
	EndProjectSection
EndProject
Project("{8BC9CEB8-8B4A-11D0-8D11-00A0C91BC942}") = "rtxgi-server", "samples\rtxgi-server\rtxgi-server.vcxproj", "{5F637D05-29EE-3CED-8C59-5237AA81A653}"
	ProjectSection(ProjectDependencies) = postProject
		{BE7AE466-7EBE-3998-AF16-DFED1C9346F4} = {BE7AE466-7EBE-3998-AF16-DFED1C9346F4}
		{2B3CBA78-4710-32E1-8EE8-C28A179A7D02} = {2B3CBA78-4710-32E1-8EE8-C28A179A7D02}
		{EDEF042E-6A00-3016-AB28-F20A6349BD77} = {EDEF042E-6A00-3016-AB28-F20A6349BD77}
		{6218BA3B-BD16-3172-8C3A-A7C3FFD6BDBC} = {6218BA3B-BD16-3172-8C3A-A7C3FFD6BDBC}
	EndProjectSection
EndProject
Project("{8BC9CEB8-8B4A-11D0-8D11-00A0C91BC942}") = "tinygltf", "thirdparty\tinygltf\tinygltf.vcxproj", "{6218BA3B-BD16-3172-8C3A-A7C3FFD6BDBC}"
	ProjectSection(ProjectDependencies) = postProject
		{2B3CBA78-4710-32E1-8EE8-C28A179A7D02} = {2B3CBA78-4710-32E1-8EE8-C28A179A7D02}
	EndProjectSection
EndProject
Project("{8BC9CEB8-8B4A-11D0-8D11-00A0C91BC942}") = "update_mappings", "thirdparty\glfw\src\update_mappings.vcxproj", "{E9ACCC1B-FFC7-385C-8AB8-ACDE79FCFDD2}"
	ProjectSection(ProjectDependencies) = postProject
		{2B3CBA78-4710-32E1-8EE8-C28A179A7D02} = {2B3CBA78-4710-32E1-8EE8-C28A179A7D02}
	EndProjectSection
EndProject
Global
	GlobalSection(SolutionConfigurationPlatforms) = preSolution
		Debug|x64 = Debug|x64
		Release|x64 = Release|x64
		MinSizeRel|x64 = MinSizeRel|x64
		RelWithDebInfo|x64 = RelWithDebInfo|x64
	EndGlobalSection
	GlobalSection(ProjectConfigurationPlatforms) = postSolution
		{CBE136E6-7996-330B-A536-C7FCD762E0E0}.Debug|x64.ActiveCfg = Debug|x64
		{CBE136E6-7996-330B-A536-C7FCD762E0E0}.Debug|x64.Build.0 = Debug|x64
		{CBE136E6-7996-330B-A536-C7FCD762E0E0}.Release|x64.ActiveCfg = Release|x64
		{CBE136E6-7996-330B-A536-C7FCD762E0E0}.Release|x64.Build.0 = Release|x64
		{CBE136E6-7996-330B-A536-C7FCD762E0E0}.MinSizeRel|x64.ActiveCfg = MinSizeRel|x64
		{CBE136E6-7996-330B-A536-C7FCD762E0E0}.MinSizeRel|x64.Build.0 = MinSizeRel|x64
		{CBE136E6-7996-330B-A536-C7FCD762E0E0}.RelWithDebInfo|x64.ActiveCfg = RelWithDebInfo|x64
		{CBE136E6-7996-330B-A536-C7FCD762E0E0}.RelWithDebInfo|x64.Build.0 = RelWithDebInfo|x64
		{485A4F4C-184E-3056-B7A9-D83ED598B79E}.Debug|x64.ActiveCfg = Debug|x64
		{485A4F4C-184E-3056-B7A9-D83ED598B79E}.Release|x64.ActiveCfg = Release|x64
		{485A4F4C-184E-3056-B7A9-D83ED598B79E}.MinSizeRel|x64.ActiveCfg = MinSizeRel|x64
		{485A4F4C-184E-3056-B7A9-D83ED598B79E}.RelWithDebInfo|x64.ActiveCfg = RelWithDebInfo|x64
		{BE7AE466-7EBE-3998-AF16-DFED1C9346F4}.Debug|x64.ActiveCfg = Debug|x64
		{BE7AE466-7EBE-3998-AF16-DFED1C9346F4}.Debug|x64.Build.0 = Debug|x64
		{BE7AE466-7EBE-3998-AF16-DFED1C9346F4}.Release|x64.ActiveCfg = Release|x64
		{BE7AE466-7EBE-3998-AF16-DFED1C9346F4}.Release|x64.Build.0 = Release|x64
		{BE7AE466-7EBE-3998-AF16-DFED1C9346F4}.MinSizeRel|x64.ActiveCfg = MinSizeRel|x64
		{BE7AE466-7EBE-3998-AF16-DFED1C9346F4}.MinSizeRel|x64.Build.0 = MinSizeRel|x64
		{BE7AE466-7EBE-3998-AF16-DFED1C9346F4}.RelWithDebInfo|x64.ActiveCfg = RelWithDebInfo|x64
		{BE7AE466-7EBE-3998-AF16-DFED1C9346F4}.RelWithDebInfo|x64.Build.0 = RelWithDebInfo|x64
		{6D17E6B3-0136-35BB-B42F-8302321BE005}.Debug|x64.ActiveCfg = Debug|x64
		{6D17E6B3-0136-35BB-B42F-8302321BE005}.Debug|x64.Build.0 = Debug|x64
		{6D17E6B3-0136-35BB-B42F-8302321BE005}.Release|x64.ActiveCfg = Release|x64
		{6D17E6B3-0136-35BB-B42F-8302321BE005}.Release|x64.Build.0 = Release|x64
		{6D17E6B3-0136-35BB-B42F-8302321BE005}.MinSizeRel|x64.ActiveCfg = MinSizeRel|x64
		{6D17E6B3-0136-35BB-B42F-8302321BE005}.MinSizeRel|x64.Build.0 = MinSizeRel|x64
		{6D17E6B3-0136-35BB-B42F-8302321BE005}.RelWithDebInfo|x64.ActiveCfg = RelWithDebInfo|x64
		{6D17E6B3-0136-35BB-B42F-8302321BE005}.RelWithDebInfo|x64.Build.0 = RelWithDebInfo|x64
		{2B3CBA78-4710-32E1-8EE8-C28A179A7D02}.Debug|x64.ActiveCfg = Debug|x64
		{2B3CBA78-4710-32E1-8EE8-C28A179A7D02}.Debug|x64.Build.0 = Debug|x64
		{2B3CBA78-4710-32E1-8EE8-C28A179A7D02}.Release|x64.ActiveCfg = Release|x64
		{2B3CBA78-4710-32E1-8EE8-C28A179A7D02}.Release|x64.Build.0 = Release|x64
		{2B3CBA78-4710-32E1-8EE8-C28A179A7D02}.MinSizeRel|x64.ActiveCfg = MinSizeRel|x64
		{2B3CBA78-4710-32E1-8EE8-C28A179A7D02}.MinSizeRel|x64.Build.0 = MinSizeRel|x64
		{2B3CBA78-4710-32E1-8EE8-C28A179A7D02}.RelWithDebInfo|x64.ActiveCfg = RelWithDebInfo|x64
		{2B3CBA78-4710-32E1-8EE8-C28A179A7D02}.RelWithDebInfo|x64.Build.0 = RelWithDebInfo|x64
		{EDEF042E-6A00-3016-AB28-F20A6349BD77}.Debug|x64.ActiveCfg = Debug|x64
		{EDEF042E-6A00-3016-AB28-F20A6349BD77}.Debug|x64.Build.0 = Debug|x64
		{EDEF042E-6A00-3016-AB28-F20A6349BD77}.Release|x64.ActiveCfg = Release|x64
		{EDEF042E-6A00-3016-AB28-F20A6349BD77}.Release|x64.Build.0 = Release|x64
		{EDEF042E-6A00-3016-AB28-F20A6349BD77}.MinSizeRel|x64.ActiveCfg = MinSizeRel|x64
		{EDEF042E-6A00-3016-AB28-F20A6349BD77}.MinSizeRel|x64.Build.0 = MinSizeRel|x64
		{EDEF042E-6A00-3016-AB28-F20A6349BD77}.RelWithDebInfo|x64.ActiveCfg = RelWithDebInfo|x64
		{EDEF042E-6A00-3016-AB28-F20A6349BD77}.RelWithDebInfo|x64.Build.0 = RelWithDebInfo|x64
		{53FBB895-35D8-306A-ADD2-D310E7FF2EDE}.Debug|x64.ActiveCfg = Debug|x64
		{53FBB895-35D8-306A-ADD2-D310E7FF2EDE}.Debug|x64.Build.0 = Debug|x64
		{53FBB895-35D8-306A-ADD2-D310E7FF2EDE}.Release|x64.ActiveCfg = Release|x64
		{53FBB895-35D8-306A-ADD2-D310E7FF2EDE}.Release|x64.Build.0 = Release|x64
		{53FBB895-35D8-306A-ADD2-D310E7FF2EDE}.MinSizeRel|x64.ActiveCfg = MinSizeRel|x64
		{53FBB895-35D8-306A-ADD2-D310E7FF2EDE}.MinSizeRel|x64.Build.0 = MinSizeRel|x64
		{53FBB895-35D8-306A-ADD2-D310E7FF2EDE}.RelWithDebInfo|x64.ActiveCfg = RelWithDebInfo|x64
		{53FBB895-35D8-306A-ADD2-D310E7FF2EDE}.RelWithDebInfo|x64.Build.0 = RelWithDebInfo|x64
		{5F637D05-29EE-3CED-8C59-5237AA81A653}.Debug|x64.ActiveCfg = Debug|x64
		{5F637D05-29EE-3CED-8C59-5237AA81A653}.Debug|x64.Build.0 = Debug|x64
		{5F637D05-29EE-3CED-8C59-5237AA81A653}.Release|x64.ActiveCfg = Release|x64
		{5F637D05-29EE-3CED-8C59-5237AA81A653}.Release|x64.Build.0 = Release|x64
		{5F637D05-29EE-3CED-8C59-5237AA81A653}.MinSizeRel|x64.ActiveCfg = MinSizeRel|x64
		{5F637D05-29EE-3CED-8C59-5237AA81A653}.MinSizeRel|x64.Build.0 = MinSizeRel|x64
		{5F637D05-29EE-3CED-8C59-5237AA81A653}.RelWithDebInfo|x64.ActiveCfg = RelWithDebInfo|x64
		{5F637D05-29EE-3CED-8C59-5237AA81A653}.RelWithDebInfo|x64.Build.0 = RelWithDebInfo|x64
		{6218BA3B-BD16-3172-8C3A-A7C3FFD6BDBC}.Debug|x64.ActiveCfg = Debug|x64
		{6218BA3B-BD16-3172-8C3A-A7C3FFD6BDBC}.Debug|x64.Build.0 = Debug|x64
		{6218BA3B-BD16-3172-8C3A-A7C3FFD6BDBC}.Release|x64.ActiveCfg = Release|x64
		{6218BA3B-BD16-3172-8C3A-A7C3FFD6BDBC}.Release|x64.Build.0 = Release|x64
		{6218BA3B-BD16-3172-8C3A-A7C3FFD6BDBC}.MinSizeRel|x64.ActiveCfg = MinSizeRel|x64
		{6218BA3B-BD16-3172-8C3A-A7C3FFD6BDBC}.MinSizeRel|x64.Build.0 = MinSizeRel|x64
		{6218BA3B-BD16-3172-8C3A-A7C3FFD6BDBC}.RelWithDebInfo|x64.ActiveCfg = RelWithDebInfo|x64
		{6218BA3B-BD16-3172-8C3A-A7C3FFD6BDBC}.RelWithDebInfo|x64.Build.0 = RelWithDebInfo|x64
		{E9ACCC1B-FFC7-385C-8AB8-ACDE79FCFDD2}.Debug|x64.ActiveCfg = Debug|x64
		{E9ACCC1B-FFC7-385C-8AB8-ACDE79FCFDD2}.Release|x64.ActiveCfg = Release|x64
		{E9ACCC1B-FFC7-385C-8AB8-ACDE79FCFDD2}.MinSizeRel|x64.ActiveCfg = MinSizeRel|x64
		{E9ACCC1B-FFC7-385C-8AB8-ACDE79FCFDD2}.RelWithDebInfo|x64.ActiveCfg = RelWithDebInfo|x64
	EndGlobalSection
	GlobalSection(NestedProjects) = preSolution
		{CBE136E6-7996-330B-A536-C7FCD762E0E0} = {B3AD5BCB-4A42-3FE8-9C1E-8957CEF86973}
		{485A4F4C-184E-3056-B7A9-D83ED598B79E} = {B3AD5BCB-4A42-3FE8-9C1E-8957CEF86973}
		{2B3CBA78-4710-32E1-8EE8-C28A179A7D02} = {B3AD5BCB-4A42-3FE8-9C1E-8957CEF86973}
		{BE7AE466-7EBE-3998-AF16-DFED1C9346F4} = {9DFBC880-B132-3AE9-97EF-47ED973C5BA4}
		{6D17E6B3-0136-35BB-B42F-8302321BE005} = {9DFBC880-B132-3AE9-97EF-47ED973C5BA4}
		{53FBB895-35D8-306A-ADD2-D310E7FF2EDE} = {E768811B-60DE-3FA8-995A-23456C0E4A53}
		{5F637D05-29EE-3CED-8C59-5237AA81A653} = {E768811B-60DE-3FA8-995A-23456C0E4A53}
		{3491709E-8E8A-377A-903D-A7B4A01C5ABF} = {91D2395F-E0BC-3A28-AA6E-56F334DC11E1}
		{6218BA3B-BD16-3172-8C3A-A7C3FFD6BDBC} = {91D2395F-E0BC-3A28-AA6E-56F334DC11E1}
		{EDEF042E-6A00-3016-AB28-F20A6349BD77} = {3491709E-8E8A-377A-903D-A7B4A01C5ABF}
		{E9ACCC1B-FFC7-385C-8AB8-ACDE79FCFDD2} = {3491709E-8E8A-377A-903D-A7B4A01C5ABF}
	EndGlobalSection
	GlobalSection(ExtensibilityGlobals) = postSolution
		SolutionGuid = {CC3739AA-FE23-3DC1-98D5-B899C4CA0C13}
	EndGlobalSection
	GlobalSection(ExtensibilityAddIns) = postSolution
	EndGlobalSection
EndGlobal
