<?xml version="1.0" encoding="utf-8"?>
<Project ToolsVersion="17.0" xmlns="http://schemas.microsoft.com/developer/msbuild/2003">
  <ItemGroup>
    <CustomBuild Include="F:\gitHubRepositories\RemoteGIShare2\DDGIServer2023\build\CMakeFiles\77b5b6ea9ddd88fd75bff71d898bb3fe\generate.stamp.rule">
      <Filter>CMake Rules</Filter>
    </CustomBuild>
  </ItemGroup>
  <ItemGroup>
    <Filter Include="CMake Rules">
      <UniqueIdentifier>{722F6245-F452-3216-960E-571976983627}</UniqueIdentifier>
    </Filter>
  </ItemGroup>
</Project>
