<?xml version="1.0" encoding="utf-8"?>
<Project ToolsVersion="17.0" xmlns="http://schemas.microsoft.com/developer/msbuild/2003">
  <ItemGroup>
    <ClCompile Include="F:\gitHubRepositories\RemoteGIShare2\DDGIServer2023\rtxgi-sdk\src\Math.cpp">
      <Filter>Source Files</Filter>
    </ClCompile>
    <ClCompile Include="F:\gitHubRepositories\RemoteGIShare2\DDGIServer2023\rtxgi-sdk\src\ddgi\DDGIVolume.cpp">
      <Filter>Source Files\ddgi</Filter>
    </ClCompile>
    <ClCompile Include="F:\gitHubRepositories\RemoteGIShare2\DDGIServer2023\rtxgi-sdk\src\ddgi\gfx\DDGIVolume_D3D12.cpp">
      <Filter>Source Files\ddgi\gfx</Filter>
    </ClCompile>
  </ItemGroup>
  <ItemGroup>
    <ClInclude Include="F:\gitHubRepositories\RemoteGIShare2\DDGIServer2023\rtxgi-sdk\include\rtxgi\Common.h">
      <Filter>Header Files</Filter>
    </ClInclude>
    <ClInclude Include="F:\gitHubRepositories\RemoteGIShare2\DDGIServer2023\rtxgi-sdk\include\rtxgi\Defines.h">
      <Filter>Header Files</Filter>
    </ClInclude>
    <ClInclude Include="F:\gitHubRepositories\RemoteGIShare2\DDGIServer2023\rtxgi-sdk\include\rtxgi\Math.h">
      <Filter>Header Files</Filter>
    </ClInclude>
    <ClInclude Include="F:\gitHubRepositories\RemoteGIShare2\DDGIServer2023\rtxgi-sdk\include\rtxgi\Types.h">
      <Filter>Header Files</Filter>
    </ClInclude>
    <ClInclude Include="F:\gitHubRepositories\RemoteGIShare2\DDGIServer2023\rtxgi-sdk\include\rtxgi\ddgi\DDGIConstants.h">
      <Filter>Header Files\rtxgi\ddgi</Filter>
    </ClInclude>
    <ClInclude Include="F:\gitHubRepositories\RemoteGIShare2\DDGIServer2023\rtxgi-sdk\include\rtxgi\ddgi\DDGIVolume.h">
      <Filter>Header Files\rtxgi\ddgi</Filter>
    </ClInclude>
    <ClInclude Include="F:\gitHubRepositories\RemoteGIShare2\DDGIServer2023\rtxgi-sdk\include\rtxgi\ddgi\DDGIVolumeDescGPU.h">
      <Filter>Header Files\rtxgi\ddgi</Filter>
    </ClInclude>
    <ClInclude Include="F:\gitHubRepositories\RemoteGIShare2\DDGIServer2023\rtxgi-sdk\include\rtxgi\ddgi\gfx\DDGIVolume_D3D12.h">
      <Filter>Header Files\rtxgi\ddgi\gfx</Filter>
    </ClInclude>
  </ItemGroup>
  <ItemGroup>
    <CustomBuild Include="F:\gitHubRepositories\RemoteGIShare2\DDGIServer2023\rtxgi-sdk\CMakeLists.txt" />
  </ItemGroup>
  <ItemGroup>
    <None Include="F:\gitHubRepositories\RemoteGIShare2\DDGIServer2023\rtxgi-sdk\shaders\Common.hlsl">
      <Filter>Shaders</Filter>
    </None>
    <None Include="F:\gitHubRepositories\RemoteGIShare2\DDGIServer2023\rtxgi-sdk\shaders\Platform.hlsl">
      <Filter>Shaders</Filter>
    </None>
    <None Include="F:\gitHubRepositories\RemoteGIShare2\DDGIServer2023\rtxgi-sdk\shaders\ddgi\include\Common.hlsl">
      <Filter>Shaders\ddgi\include</Filter>
    </None>
    <None Include="F:\gitHubRepositories\RemoteGIShare2\DDGIServer2023\rtxgi-sdk\shaders\ddgi\include\ProbeCommon.hlsl">
      <Filter>Shaders\ddgi\include</Filter>
    </None>
    <None Include="F:\gitHubRepositories\RemoteGIShare2\DDGIServer2023\rtxgi-sdk\shaders\ddgi\include\ProbeDataCommon.hlsl">
      <Filter>Shaders\ddgi\include</Filter>
    </None>
    <None Include="F:\gitHubRepositories\RemoteGIShare2\DDGIServer2023\rtxgi-sdk\shaders\ddgi\include\ProbeIndexing.hlsl">
      <Filter>Shaders\ddgi\include</Filter>
    </None>
    <None Include="F:\gitHubRepositories\RemoteGIShare2\DDGIServer2023\rtxgi-sdk\shaders\ddgi\include\ProbeOctahedral.hlsl">
      <Filter>Shaders\ddgi\include</Filter>
    </None>
    <None Include="F:\gitHubRepositories\RemoteGIShare2\DDGIServer2023\rtxgi-sdk\shaders\ddgi\include\ProbeRayCommon.hlsl">
      <Filter>Shaders\ddgi\include</Filter>
    </None>
    <None Include="F:\gitHubRepositories\RemoteGIShare2\DDGIServer2023\rtxgi-sdk\shaders\ddgi\Irradiance.hlsl">
      <Filter>Shaders\ddgi</Filter>
    </None>
    <None Include="F:\gitHubRepositories\RemoteGIShare2\DDGIServer2023\rtxgi-sdk\shaders\ddgi\ProbeBlendingCS.hlsl">
      <Filter>Shaders\ddgi</Filter>
    </None>
    <None Include="F:\gitHubRepositories\RemoteGIShare2\DDGIServer2023\rtxgi-sdk\shaders\ddgi\ProbeBorderUpdateCS.hlsl">
      <Filter>Shaders\ddgi</Filter>
    </None>
    <None Include="F:\gitHubRepositories\RemoteGIShare2\DDGIServer2023\rtxgi-sdk\shaders\ddgi\ProbeClassificationCS.hlsl">
      <Filter>Shaders\ddgi</Filter>
    </None>
    <None Include="F:\gitHubRepositories\RemoteGIShare2\DDGIServer2023\rtxgi-sdk\shaders\ddgi\ProbeRelocationCS.hlsl">
      <Filter>Shaders\ddgi</Filter>
    </None>
  </ItemGroup>
  <ItemGroup>
    <Filter Include="Header Files">
      <UniqueIdentifier>{3156D596-CC64-3BCF-9C14-5E649A67198B}</UniqueIdentifier>
    </Filter>
    <Filter Include="Header Files\rtxgi">
      <UniqueIdentifier>{89851B81-0413-3F0C-8192-DD59DE1AF35A}</UniqueIdentifier>
    </Filter>
    <Filter Include="Header Files\rtxgi\ddgi">
      <UniqueIdentifier>{DB4CCA89-0587-339B-9A06-803BA9270459}</UniqueIdentifier>
    </Filter>
    <Filter Include="Header Files\rtxgi\ddgi\gfx">
      <UniqueIdentifier>{14AE1FA0-0585-337A-94AB-A466A135CCB7}</UniqueIdentifier>
    </Filter>
    <Filter Include="Shaders">
      <UniqueIdentifier>{F2F2BB0C-1B36-34ED-99A8-543E0E0C98C2}</UniqueIdentifier>
    </Filter>
    <Filter Include="Shaders\ddgi">
      <UniqueIdentifier>{824604E3-1AA1-36A9-A0D8-CB13B391E13D}</UniqueIdentifier>
    </Filter>
    <Filter Include="Shaders\ddgi\include">
      <UniqueIdentifier>{C9ECF04E-FD4D-3961-BB2F-48499F477488}</UniqueIdentifier>
    </Filter>
    <Filter Include="Source Files">
      <UniqueIdentifier>{0A98CE41-BFC5-3037-8E6A-FCCFC5CA2A24}</UniqueIdentifier>
    </Filter>
    <Filter Include="Source Files\ddgi">
      <UniqueIdentifier>{027B89B0-C772-3D95-9A7A-FA91B304058D}</UniqueIdentifier>
    </Filter>
    <Filter Include="Source Files\ddgi\gfx">
      <UniqueIdentifier>{AEEBE791-B1EE-397F-BDF1-3F30FED8FDFD}</UniqueIdentifier>
    </Filter>
  </ItemGroup>
</Project>
