
Microsoft Visual Studio Solution File, Format Version 12.00
# Visual Studio Version 17
Project("{2150E333-8FDC-42A3-9474-1A3956D46DE8}") = "CMakePredefinedTargets", "CMakePredefinedTargets", "{5B47826D-A2F9-3546-B64A-FE0E830FA24F}"
EndProject
Project("{2150E333-8FDC-42A3-9474-1A3956D46DE8}") = "RTXGI SDK", "RTXGI SDK", "{8B66ED69-0FCA-3A1A-935E-96A78A3B5F58}"
EndProject
Project("{2150E333-8FDC-42A3-9474-1A3956D46DE8}") = "RTXGI Samples", "RTXGI Samples", "{07DFC09E-771D-3F17-B097-5B848E219DD0}"
EndProject
Project("{2150E333-8FDC-42A3-9474-1A3956D46DE8}") = "Thirdparty", "Thirdparty", "{C363237C-F035-3CFD-A584-23FC985267EA}"
EndProject
Project("{2150E333-8FDC-42A3-9474-1A3956D46DE8}") = "GLFW3", "Thirdparty\GLFW3", "{4613B9AA-02C7-318A-914D-D985D8FCBD24}"
EndProject
Project("{8BC9CEB8-8B4A-11D0-8D11-00A0C91BC942}") = "ALL_BUILD", "ALL_BUILD.vcxproj", "{F24B0634-B227-3968-A188-3619F103552A}"
	ProjectSection(ProjectDependencies) = postProject
		{6F0122EB-3F82-38BD-B3D9-65E4CFB7B960} = {6F0122EB-3F82-38BD-B3D9-65E4CFB7B960}
		{CAA9FB5B-38F4-318D-B75F-75770EB79D4E} = {CAA9FB5B-38F4-318D-B75F-75770EB79D4E}
		{708E79E2-A531-3DDF-95F8-B2C51E931DF0} = {708E79E2-A531-3DDF-95F8-B2C51E931DF0}
	EndProjectSection
EndProject
Project("{8BC9CEB8-8B4A-11D0-8D11-00A0C91BC942}") = "INSTALL", "INSTALL.vcxproj", "{FEC88F92-1365-33E0-B541-F5D5CBBFDDFD}"
	ProjectSection(ProjectDependencies) = postProject
		{F24B0634-B227-3968-A188-3619F103552A} = {F24B0634-B227-3968-A188-3619F103552A}
		{6F0122EB-3F82-38BD-B3D9-65E4CFB7B960} = {6F0122EB-3F82-38BD-B3D9-65E4CFB7B960}
	EndProjectSection
EndProject
Project("{8BC9CEB8-8B4A-11D0-8D11-00A0C91BC942}") = "RTXGI-D3D12", "..\rtxgi-sdk\RTXGI-D3D12.vcxproj", "{70806D61-A847-3194-A733-18FD68BC282C}"
	ProjectSection(ProjectDependencies) = postProject
		{6F0122EB-3F82-38BD-B3D9-65E4CFB7B960} = {6F0122EB-3F82-38BD-B3D9-65E4CFB7B960}
	EndProjectSection
EndProject
Project("{8BC9CEB8-8B4A-11D0-8D11-00A0C91BC942}") = "RTXGI-VK", "..\rtxgi-sdk\RTXGI-VK.vcxproj", "{3E1AB64B-14C8-3640-90DC-CA6A465DA0CB}"
	ProjectSection(ProjectDependencies) = postProject
		{6F0122EB-3F82-38BD-B3D9-65E4CFB7B960} = {6F0122EB-3F82-38BD-B3D9-65E4CFB7B960}
	EndProjectSection
EndProject
Project("{8BC9CEB8-8B4A-11D0-8D11-00A0C91BC942}") = "ZERO_CHECK", "..\\ZERO_CHECK.vcxproj", "{6F0122EB-3F82-38BD-B3D9-65E4CFB7B960}"
	ProjectSection(ProjectDependencies) = postProject
	EndProjectSection
EndProject
Project("{8BC9CEB8-8B4A-11D0-8D11-00A0C91BC942}") = "glfw", "..\thirdparty\glfw\src\glfw.vcxproj", "{23430403-FDC8-3106-992F-0D49D0BDEE12}"
	ProjectSection(ProjectDependencies) = postProject
		{6F0122EB-3F82-38BD-B3D9-65E4CFB7B960} = {6F0122EB-3F82-38BD-B3D9-65E4CFB7B960}
	EndProjectSection
EndProject
Project("{8BC9CEB8-8B4A-11D0-8D11-00A0C91BC942}") = "rtxgi-VK", "rtxgi-server\rtxgi-VK.vcxproj", "{CAA9FB5B-38F4-318D-B75F-75770EB79D4E}"
	ProjectSection(ProjectDependencies) = postProject
		{3E1AB64B-14C8-3640-90DC-CA6A465DA0CB} = {3E1AB64B-14C8-3640-90DC-CA6A465DA0CB}
		{6F0122EB-3F82-38BD-B3D9-65E4CFB7B960} = {6F0122EB-3F82-38BD-B3D9-65E4CFB7B960}
		{23430403-FDC8-3106-992F-0D49D0BDEE12} = {23430403-FDC8-3106-992F-0D49D0BDEE12}
		{281CC3DB-BD32-3A22-B00B-E014E9D89086} = {281CC3DB-BD32-3A22-B00B-E014E9D89086}
	EndProjectSection
EndProject
Project("{8BC9CEB8-8B4A-11D0-8D11-00A0C91BC942}") = "rtxgi-server", "rtxgi-server\rtxgi-server.vcxproj", "{708E79E2-A531-3DDF-95F8-B2C51E931DF0}"
	ProjectSection(ProjectDependencies) = postProject
		{70806D61-A847-3194-A733-18FD68BC282C} = {70806D61-A847-3194-A733-18FD68BC282C}
		{6F0122EB-3F82-38BD-B3D9-65E4CFB7B960} = {6F0122EB-3F82-38BD-B3D9-65E4CFB7B960}
		{23430403-FDC8-3106-992F-0D49D0BDEE12} = {23430403-FDC8-3106-992F-0D49D0BDEE12}
		{281CC3DB-BD32-3A22-B00B-E014E9D89086} = {281CC3DB-BD32-3A22-B00B-E014E9D89086}
	EndProjectSection
EndProject
Project("{8BC9CEB8-8B4A-11D0-8D11-00A0C91BC942}") = "tinygltf", "..\thirdparty\tinygltf\tinygltf.vcxproj", "{281CC3DB-BD32-3A22-B00B-E014E9D89086}"
	ProjectSection(ProjectDependencies) = postProject
		{6F0122EB-3F82-38BD-B3D9-65E4CFB7B960} = {6F0122EB-3F82-38BD-B3D9-65E4CFB7B960}
	EndProjectSection
EndProject
Global
	GlobalSection(SolutionConfigurationPlatforms) = preSolution
		Debug|x64 = Debug|x64
		Release|x64 = Release|x64
		MinSizeRel|x64 = MinSizeRel|x64
		RelWithDebInfo|x64 = RelWithDebInfo|x64
	EndGlobalSection
	GlobalSection(ProjectConfigurationPlatforms) = postSolution
		{F24B0634-B227-3968-A188-3619F103552A}.Debug|x64.ActiveCfg = Debug|x64
		{F24B0634-B227-3968-A188-3619F103552A}.Debug|x64.Build.0 = Debug|x64
		{F24B0634-B227-3968-A188-3619F103552A}.Release|x64.ActiveCfg = Release|x64
		{F24B0634-B227-3968-A188-3619F103552A}.Release|x64.Build.0 = Release|x64
		{F24B0634-B227-3968-A188-3619F103552A}.MinSizeRel|x64.ActiveCfg = MinSizeRel|x64
		{F24B0634-B227-3968-A188-3619F103552A}.MinSizeRel|x64.Build.0 = MinSizeRel|x64
		{F24B0634-B227-3968-A188-3619F103552A}.RelWithDebInfo|x64.ActiveCfg = RelWithDebInfo|x64
		{F24B0634-B227-3968-A188-3619F103552A}.RelWithDebInfo|x64.Build.0 = RelWithDebInfo|x64
		{FEC88F92-1365-33E0-B541-F5D5CBBFDDFD}.Debug|x64.ActiveCfg = Debug|x64
		{FEC88F92-1365-33E0-B541-F5D5CBBFDDFD}.Release|x64.ActiveCfg = Release|x64
		{FEC88F92-1365-33E0-B541-F5D5CBBFDDFD}.MinSizeRel|x64.ActiveCfg = MinSizeRel|x64
		{FEC88F92-1365-33E0-B541-F5D5CBBFDDFD}.RelWithDebInfo|x64.ActiveCfg = RelWithDebInfo|x64
		{70806D61-A847-3194-A733-18FD68BC282C}.Debug|x64.ActiveCfg = Debug|x64
		{70806D61-A847-3194-A733-18FD68BC282C}.Debug|x64.Build.0 = Debug|x64
		{70806D61-A847-3194-A733-18FD68BC282C}.Release|x64.ActiveCfg = Release|x64
		{70806D61-A847-3194-A733-18FD68BC282C}.Release|x64.Build.0 = Release|x64
		{70806D61-A847-3194-A733-18FD68BC282C}.MinSizeRel|x64.ActiveCfg = MinSizeRel|x64
		{70806D61-A847-3194-A733-18FD68BC282C}.MinSizeRel|x64.Build.0 = MinSizeRel|x64
		{70806D61-A847-3194-A733-18FD68BC282C}.RelWithDebInfo|x64.ActiveCfg = RelWithDebInfo|x64
		{70806D61-A847-3194-A733-18FD68BC282C}.RelWithDebInfo|x64.Build.0 = RelWithDebInfo|x64
		{3E1AB64B-14C8-3640-90DC-CA6A465DA0CB}.Debug|x64.ActiveCfg = Debug|x64
		{3E1AB64B-14C8-3640-90DC-CA6A465DA0CB}.Debug|x64.Build.0 = Debug|x64
		{3E1AB64B-14C8-3640-90DC-CA6A465DA0CB}.Release|x64.ActiveCfg = Release|x64
		{3E1AB64B-14C8-3640-90DC-CA6A465DA0CB}.Release|x64.Build.0 = Release|x64
		{3E1AB64B-14C8-3640-90DC-CA6A465DA0CB}.MinSizeRel|x64.ActiveCfg = MinSizeRel|x64
		{3E1AB64B-14C8-3640-90DC-CA6A465DA0CB}.MinSizeRel|x64.Build.0 = MinSizeRel|x64
		{3E1AB64B-14C8-3640-90DC-CA6A465DA0CB}.RelWithDebInfo|x64.ActiveCfg = RelWithDebInfo|x64
		{3E1AB64B-14C8-3640-90DC-CA6A465DA0CB}.RelWithDebInfo|x64.Build.0 = RelWithDebInfo|x64
		{6F0122EB-3F82-38BD-B3D9-65E4CFB7B960}.Debug|x64.ActiveCfg = Debug|x64
		{6F0122EB-3F82-38BD-B3D9-65E4CFB7B960}.Debug|x64.Build.0 = Debug|x64
		{6F0122EB-3F82-38BD-B3D9-65E4CFB7B960}.Release|x64.ActiveCfg = Release|x64
		{6F0122EB-3F82-38BD-B3D9-65E4CFB7B960}.Release|x64.Build.0 = Release|x64
		{6F0122EB-3F82-38BD-B3D9-65E4CFB7B960}.MinSizeRel|x64.ActiveCfg = MinSizeRel|x64
		{6F0122EB-3F82-38BD-B3D9-65E4CFB7B960}.MinSizeRel|x64.Build.0 = MinSizeRel|x64
		{6F0122EB-3F82-38BD-B3D9-65E4CFB7B960}.RelWithDebInfo|x64.ActiveCfg = RelWithDebInfo|x64
		{6F0122EB-3F82-38BD-B3D9-65E4CFB7B960}.RelWithDebInfo|x64.Build.0 = RelWithDebInfo|x64
		{23430403-FDC8-3106-992F-0D49D0BDEE12}.Debug|x64.ActiveCfg = Debug|x64
		{23430403-FDC8-3106-992F-0D49D0BDEE12}.Debug|x64.Build.0 = Debug|x64
		{23430403-FDC8-3106-992F-0D49D0BDEE12}.Release|x64.ActiveCfg = Release|x64
		{23430403-FDC8-3106-992F-0D49D0BDEE12}.Release|x64.Build.0 = Release|x64
		{23430403-FDC8-3106-992F-0D49D0BDEE12}.MinSizeRel|x64.ActiveCfg = MinSizeRel|x64
		{23430403-FDC8-3106-992F-0D49D0BDEE12}.MinSizeRel|x64.Build.0 = MinSizeRel|x64
		{23430403-FDC8-3106-992F-0D49D0BDEE12}.RelWithDebInfo|x64.ActiveCfg = RelWithDebInfo|x64
		{23430403-FDC8-3106-992F-0D49D0BDEE12}.RelWithDebInfo|x64.Build.0 = RelWithDebInfo|x64
		{CAA9FB5B-38F4-318D-B75F-75770EB79D4E}.Debug|x64.ActiveCfg = Debug|x64
		{CAA9FB5B-38F4-318D-B75F-75770EB79D4E}.Debug|x64.Build.0 = Debug|x64
		{CAA9FB5B-38F4-318D-B75F-75770EB79D4E}.Release|x64.ActiveCfg = Release|x64
		{CAA9FB5B-38F4-318D-B75F-75770EB79D4E}.Release|x64.Build.0 = Release|x64
		{CAA9FB5B-38F4-318D-B75F-75770EB79D4E}.MinSizeRel|x64.ActiveCfg = MinSizeRel|x64
		{CAA9FB5B-38F4-318D-B75F-75770EB79D4E}.MinSizeRel|x64.Build.0 = MinSizeRel|x64
		{CAA9FB5B-38F4-318D-B75F-75770EB79D4E}.RelWithDebInfo|x64.ActiveCfg = RelWithDebInfo|x64
		{CAA9FB5B-38F4-318D-B75F-75770EB79D4E}.RelWithDebInfo|x64.Build.0 = RelWithDebInfo|x64
		{708E79E2-A531-3DDF-95F8-B2C51E931DF0}.Debug|x64.ActiveCfg = Debug|x64
		{708E79E2-A531-3DDF-95F8-B2C51E931DF0}.Debug|x64.Build.0 = Debug|x64
		{708E79E2-A531-3DDF-95F8-B2C51E931DF0}.Release|x64.ActiveCfg = Release|x64
		{708E79E2-A531-3DDF-95F8-B2C51E931DF0}.Release|x64.Build.0 = Release|x64
		{708E79E2-A531-3DDF-95F8-B2C51E931DF0}.MinSizeRel|x64.ActiveCfg = MinSizeRel|x64
		{708E79E2-A531-3DDF-95F8-B2C51E931DF0}.MinSizeRel|x64.Build.0 = MinSizeRel|x64
		{708E79E2-A531-3DDF-95F8-B2C51E931DF0}.RelWithDebInfo|x64.ActiveCfg = RelWithDebInfo|x64
		{708E79E2-A531-3DDF-95F8-B2C51E931DF0}.RelWithDebInfo|x64.Build.0 = RelWithDebInfo|x64
		{281CC3DB-BD32-3A22-B00B-E014E9D89086}.Debug|x64.ActiveCfg = Debug|x64
		{281CC3DB-BD32-3A22-B00B-E014E9D89086}.Debug|x64.Build.0 = Debug|x64
		{281CC3DB-BD32-3A22-B00B-E014E9D89086}.Release|x64.ActiveCfg = Release|x64
		{281CC3DB-BD32-3A22-B00B-E014E9D89086}.Release|x64.Build.0 = Release|x64
		{281CC3DB-BD32-3A22-B00B-E014E9D89086}.MinSizeRel|x64.ActiveCfg = MinSizeRel|x64
		{281CC3DB-BD32-3A22-B00B-E014E9D89086}.MinSizeRel|x64.Build.0 = MinSizeRel|x64
		{281CC3DB-BD32-3A22-B00B-E014E9D89086}.RelWithDebInfo|x64.ActiveCfg = RelWithDebInfo|x64
		{281CC3DB-BD32-3A22-B00B-E014E9D89086}.RelWithDebInfo|x64.Build.0 = RelWithDebInfo|x64
	EndGlobalSection
	GlobalSection(NestedProjects) = preSolution
		{F24B0634-B227-3968-A188-3619F103552A} = {5B47826D-A2F9-3546-B64A-FE0E830FA24F}
		{FEC88F92-1365-33E0-B541-F5D5CBBFDDFD} = {5B47826D-A2F9-3546-B64A-FE0E830FA24F}
		{6F0122EB-3F82-38BD-B3D9-65E4CFB7B960} = {5B47826D-A2F9-3546-B64A-FE0E830FA24F}
		{70806D61-A847-3194-A733-18FD68BC282C} = {8B66ED69-0FCA-3A1A-935E-96A78A3B5F58}
		{3E1AB64B-14C8-3640-90DC-CA6A465DA0CB} = {8B66ED69-0FCA-3A1A-935E-96A78A3B5F58}
		{CAA9FB5B-38F4-318D-B75F-75770EB79D4E} = {07DFC09E-771D-3F17-B097-5B848E219DD0}
		{708E79E2-A531-3DDF-95F8-B2C51E931DF0} = {07DFC09E-771D-3F17-B097-5B848E219DD0}
		{4613B9AA-02C7-318A-914D-D985D8FCBD24} = {C363237C-F035-3CFD-A584-23FC985267EA}
		{281CC3DB-BD32-3A22-B00B-E014E9D89086} = {C363237C-F035-3CFD-A584-23FC985267EA}
		{23430403-FDC8-3106-992F-0D49D0BDEE12} = {4613B9AA-02C7-318A-914D-D985D8FCBD24}
	EndGlobalSection
	GlobalSection(ExtensibilityGlobals) = postSolution
		SolutionGuid = {287D3862-4C0E-327F-8637-1A9E8DB54816}
	EndGlobalSection
	GlobalSection(ExtensibilityAddIns) = postSolution
	EndGlobalSection
EndGlobal
