<?xml version="1.0" encoding="utf-8"?>
<Project ToolsVersion="17.0" xmlns="http://schemas.microsoft.com/developer/msbuild/2003">
  <ItemGroup>
    <ClCompile Include="F:\gitHubRepositories\RemoteGIShare2\DDGIServer2023\samples\rtxgi-server\src\Benchmark.cpp">
      <Filter>Source Files</Filter>
    </ClCompile>
    <ClCompile Include="F:\gitHubRepositories\RemoteGIShare2\DDGIServer2023\samples\rtxgi-server\src\Caches.cpp">
      <Filter>Source Files</Filter>
    </ClCompile>
    <ClCompile Include="F:\gitHubRepositories\RemoteGIShare2\DDGIServer2023\samples\rtxgi-server\src\Configs.cpp">
      <Filter>Source Files</Filter>
    </ClCompile>
    <ClCompile Include="F:\gitHubRepositories\RemoteGIShare2\DDGIServer2023\samples\rtxgi-server\src\Correspondence.cpp">
      <Filter>Source Files</Filter>
    </ClCompile>
    <ClCompile Include="F:\gitHubRepositories\RemoteGIShare2\DDGIServer2023\samples\rtxgi-server\src\Geometry.cpp">
      <Filter>Source Files</Filter>
    </ClCompile>
    <ClCompile Include="F:\gitHubRepositories\RemoteGIShare2\DDGIServer2023\samples\rtxgi-server\src\ImageCapture.cpp">
      <Filter>Source Files</Filter>
    </ClCompile>
    <ClCompile Include="F:\gitHubRepositories\RemoteGIShare2\DDGIServer2023\samples\rtxgi-server\src\Inputs.cpp">
      <Filter>Source Files</Filter>
    </ClCompile>
    <ClCompile Include="F:\gitHubRepositories\RemoteGIShare2\DDGIServer2023\samples\rtxgi-server\src\Instrumentation.cpp">
      <Filter>Source Files</Filter>
    </ClCompile>
    <ClCompile Include="F:\gitHubRepositories\RemoteGIShare2\DDGIServer2023\samples\rtxgi-server\src\Scenes.cpp">
      <Filter>Source Files</Filter>
    </ClCompile>
    <ClCompile Include="F:\gitHubRepositories\RemoteGIShare2\DDGIServer2023\samples\rtxgi-server\src\Shaders.cpp">
      <Filter>Source Files</Filter>
    </ClCompile>
    <ClCompile Include="F:\gitHubRepositories\RemoteGIShare2\DDGIServer2023\samples\rtxgi-server\src\Textures.cpp">
      <Filter>Source Files</Filter>
    </ClCompile>
    <ClCompile Include="F:\gitHubRepositories\RemoteGIShare2\DDGIServer2023\samples\rtxgi-server\src\UI.cpp">
      <Filter>Source Files</Filter>
    </ClCompile>
    <ClCompile Include="F:\gitHubRepositories\RemoteGIShare2\DDGIServer2023\samples\rtxgi-server\src\Window.cpp">
      <Filter>Source Files</Filter>
    </ClCompile>
    <ClCompile Include="F:\gitHubRepositories\RemoteGIShare2\DDGIServer2023\samples\rtxgi-server\src\base64.cpp">
      <Filter>Source Files</Filter>
    </ClCompile>
    <ClCompile Include="F:\gitHubRepositories\RemoteGIShare2\DDGIServer2023\samples\rtxgi-server\src\main.cpp">
      <Filter>Source Files</Filter>
    </ClCompile>
    <ClCompile Include="F:\gitHubRepositories\RemoteGIShare2\DDGIServer2023\samples\rtxgi-server\src\Direct3D12.cpp">
      <Filter>Source Files</Filter>
    </ClCompile>
    <ClCompile Include="F:\gitHubRepositories\RemoteGIShare2\DDGIServer2023\samples\rtxgi-server\src\graphics\DDGI.cpp">
      <Filter>Source Files\Graphics</Filter>
    </ClCompile>
    <ClCompile Include="F:\gitHubRepositories\RemoteGIShare2\DDGIServer2023\samples\rtxgi-server\src\graphics\Composite_D3D12.cpp">
      <Filter>Source Files\Graphics</Filter>
    </ClCompile>
    <ClCompile Include="F:\gitHubRepositories\RemoteGIShare2\DDGIServer2023\samples\rtxgi-server\src\graphics\DDGIVisualizations_D3D12.cpp">
      <Filter>Source Files\Graphics</Filter>
    </ClCompile>
    <ClCompile Include="F:\gitHubRepositories\RemoteGIShare2\DDGIServer2023\samples\rtxgi-server\src\graphics\DDGI_D3D12.cpp">
      <Filter>Source Files\Graphics</Filter>
    </ClCompile>
    <ClCompile Include="F:\gitHubRepositories\RemoteGIShare2\DDGIServer2023\samples\rtxgi-server\src\graphics\GBuffer_D3D12.cpp">
      <Filter>Source Files\Graphics</Filter>
    </ClCompile>
    <ClCompile Include="F:\gitHubRepositories\RemoteGIShare2\DDGIServer2023\samples\rtxgi-server\src\graphics\PathTracing_D3D12.cpp">
      <Filter>Source Files\Graphics</Filter>
    </ClCompile>
    <ClCompile Include="F:\gitHubRepositories\RemoteGIShare2\DDGIServer2023\samples\rtxgi-server\src\graphics\RTAO_D3D12.cpp">
      <Filter>Source Files\Graphics</Filter>
    </ClCompile>
    <ClCompile Include="F:\gitHubRepositories\RemoteGIShare2\DDGIServer2023\samples\rtxgi-server\src\graphics\UI_D3D12.cpp">
      <Filter>Source Files\Graphics</Filter>
    </ClCompile>
    <ClCompile Include="F:\gitHubRepositories\RemoteGIShare2\DDGIServer2023\samples\rtxgi-server\src\thirdparty\directxtex\BC.cpp">
      <Filter>Source Files\Thirdparty\DirectXTex</Filter>
    </ClCompile>
    <ClCompile Include="F:\gitHubRepositories\RemoteGIShare2\DDGIServer2023\samples\rtxgi-server\src\thirdparty\directxtex\BC4BC5.cpp">
      <Filter>Source Files\Thirdparty\DirectXTex</Filter>
    </ClCompile>
    <ClCompile Include="F:\gitHubRepositories\RemoteGIShare2\DDGIServer2023\samples\rtxgi-server\src\thirdparty\directxtex\BC6HBC7.cpp">
      <Filter>Source Files\Thirdparty\DirectXTex</Filter>
    </ClCompile>
    <ClCompile Include="F:\gitHubRepositories\RemoteGIShare2\DDGIServer2023\samples\rtxgi-server\src\thirdparty\directxtex\DirectXTexCompress.cpp">
      <Filter>Source Files\Thirdparty\DirectXTex</Filter>
    </ClCompile>
    <ClCompile Include="F:\gitHubRepositories\RemoteGIShare2\DDGIServer2023\samples\rtxgi-server\src\thirdparty\directxtex\DirectXTexConvert.cpp">
      <Filter>Source Files\Thirdparty\DirectXTex</Filter>
    </ClCompile>
    <ClCompile Include="F:\gitHubRepositories\RemoteGIShare2\DDGIServer2023\samples\rtxgi-server\src\thirdparty\directxtex\DirectXTexD3D12.cpp">
      <Filter>Source Files\Thirdparty\DirectXTex</Filter>
    </ClCompile>
    <ClCompile Include="F:\gitHubRepositories\RemoteGIShare2\DDGIServer2023\samples\rtxgi-server\src\thirdparty\directxtex\DirectXTexDDS.cpp">
      <Filter>Source Files\Thirdparty\DirectXTex</Filter>
    </ClCompile>
    <ClCompile Include="F:\gitHubRepositories\RemoteGIShare2\DDGIServer2023\samples\rtxgi-server\src\thirdparty\directxtex\DirectXTexHDR.cpp">
      <Filter>Source Files\Thirdparty\DirectXTex</Filter>
    </ClCompile>
    <ClCompile Include="F:\gitHubRepositories\RemoteGIShare2\DDGIServer2023\samples\rtxgi-server\src\thirdparty\directxtex\DirectXTexImage.cpp">
      <Filter>Source Files\Thirdparty\DirectXTex</Filter>
    </ClCompile>
    <ClCompile Include="F:\gitHubRepositories\RemoteGIShare2\DDGIServer2023\samples\rtxgi-server\src\thirdparty\directxtex\DirectXTexMipmaps.cpp">
      <Filter>Source Files\Thirdparty\DirectXTex</Filter>
    </ClCompile>
    <ClCompile Include="F:\gitHubRepositories\RemoteGIShare2\DDGIServer2023\samples\rtxgi-server\src\thirdparty\directxtex\DirectXTexUtil.cpp">
      <Filter>Source Files\Thirdparty\DirectXTex</Filter>
    </ClCompile>
    <ClCompile Include="F:\gitHubRepositories\RemoteGIShare2\DDGIServer2023\samples\rtxgi-server\src\thirdparty\directxtex\DirectXTexWIC.cpp">
      <Filter>Source Files\Thirdparty\DirectXTex</Filter>
    </ClCompile>
    <ClCompile Include="F:\gitHubRepositories\RemoteGIShare2\DDGIServer2023\samples\rtxgi-server\src\thirdparty\directxtex\BCDirectCompute.cpp">
      <Filter>Source Files\Thirdparty\DirectXTex</Filter>
    </ClCompile>
    <ClCompile Include="F:\gitHubRepositories\RemoteGIShare2\DDGIServer2023\samples\rtxgi-server\src\thirdparty\directxtex\DirectXTexCompressGPU.cpp">
      <Filter>Source Files\Thirdparty\DirectXTex</Filter>
    </ClCompile>
    <ClCompile Include="F:\gitHubRepositories\RemoteGIShare2\DDGIServer2023\thirdparty\imgui\backends\imgui_impl_glfw.cpp">
      <Filter>Source Files\Thirdparty\ImGui</Filter>
    </ClCompile>
    <ClCompile Include="F:\gitHubRepositories\RemoteGIShare2\DDGIServer2023\thirdparty\imgui\imgui.cpp">
      <Filter>Source Files\Thirdparty\ImGui</Filter>
    </ClCompile>
    <ClCompile Include="F:\gitHubRepositories\RemoteGIShare2\DDGIServer2023\thirdparty\imgui\imgui_demo.cpp">
      <Filter>Source Files\Thirdparty\ImGui</Filter>
    </ClCompile>
    <ClCompile Include="F:\gitHubRepositories\RemoteGIShare2\DDGIServer2023\thirdparty\imgui\imgui_draw.cpp">
      <Filter>Source Files\Thirdparty\ImGui</Filter>
    </ClCompile>
    <ClCompile Include="F:\gitHubRepositories\RemoteGIShare2\DDGIServer2023\thirdparty\imgui\imgui_tables.cpp">
      <Filter>Source Files\Thirdparty\ImGui</Filter>
    </ClCompile>
    <ClCompile Include="F:\gitHubRepositories\RemoteGIShare2\DDGIServer2023\thirdparty\imgui\imgui_widgets.cpp">
      <Filter>Source Files\Thirdparty\ImGui</Filter>
    </ClCompile>
    <ClCompile Include="F:\gitHubRepositories\RemoteGIShare2\DDGIServer2023\thirdparty\imgui\backends\imgui_impl_dx12.cpp">
      <Filter>Source Files\Thirdparty\ImGui</Filter>
    </ClCompile>
  </ItemGroup>
  <ItemGroup>
    <ClInclude Include="F:\gitHubRepositories\RemoteGIShare2\DDGIServer2023\samples\rtxgi-server\include\Benchmark.h">
      <Filter>Header Files</Filter>
    </ClInclude>
    <ClInclude Include="F:\gitHubRepositories\RemoteGIShare2\DDGIServer2023\samples\rtxgi-server\include\Caches.h">
      <Filter>Header Files</Filter>
    </ClInclude>
    <ClInclude Include="F:\gitHubRepositories\RemoteGIShare2\DDGIServer2023\samples\rtxgi-server\include\Common.h">
      <Filter>Header Files</Filter>
    </ClInclude>
    <ClInclude Include="F:\gitHubRepositories\RemoteGIShare2\DDGIServer2023\samples\rtxgi-server\include\Configs.h">
      <Filter>Header Files</Filter>
    </ClInclude>
    <ClInclude Include="F:\gitHubRepositories\RemoteGIShare2\DDGIServer2023\samples\rtxgi-server\include\Correspondence.h">
      <Filter>Header Files</Filter>
    </ClInclude>
    <ClInclude Include="F:\gitHubRepositories\RemoteGIShare2\DDGIServer2023\samples\rtxgi-server\include\Geometry.h">
      <Filter>Header Files</Filter>
    </ClInclude>
    <ClInclude Include="F:\gitHubRepositories\RemoteGIShare2\DDGIServer2023\samples\rtxgi-server\include\Graphics.h">
      <Filter>Header Files</Filter>
    </ClInclude>
    <ClInclude Include="F:\gitHubRepositories\RemoteGIShare2\DDGIServer2023\samples\rtxgi-server\include\ImageCapture.h">
      <Filter>Header Files</Filter>
    </ClInclude>
    <ClInclude Include="F:\gitHubRepositories\RemoteGIShare2\DDGIServer2023\samples\rtxgi-server\include\Inputs.h">
      <Filter>Header Files</Filter>
    </ClInclude>
    <ClInclude Include="F:\gitHubRepositories\RemoteGIShare2\DDGIServer2023\samples\rtxgi-server\include\Instrumentation.h">
      <Filter>Header Files</Filter>
    </ClInclude>
    <ClInclude Include="F:\gitHubRepositories\RemoteGIShare2\DDGIServer2023\samples\rtxgi-server\include\Scenes.h">
      <Filter>Header Files</Filter>
    </ClInclude>
    <ClInclude Include="F:\gitHubRepositories\RemoteGIShare2\DDGIServer2023\samples\rtxgi-server\include\Shaders.h">
      <Filter>Header Files</Filter>
    </ClInclude>
    <ClInclude Include="F:\gitHubRepositories\RemoteGIShare2\DDGIServer2023\samples\rtxgi-server\include\Textures.h">
      <Filter>Header Files</Filter>
    </ClInclude>
    <ClInclude Include="F:\gitHubRepositories\RemoteGIShare2\DDGIServer2023\samples\rtxgi-server\include\Window.h">
      <Filter>Header Files</Filter>
    </ClInclude>
    <ClInclude Include="F:\gitHubRepositories\RemoteGIShare2\DDGIServer2023\samples\rtxgi-server\include\base64.h">
      <Filter>Header Files</Filter>
    </ClInclude>
    <ClInclude Include="F:\gitHubRepositories\RemoteGIShare2\DDGIServer2023\samples\rtxgi-server\include\Direct3D12.h">
      <Filter>Header Files</Filter>
    </ClInclude>
    <ClInclude Include="F:\gitHubRepositories\RemoteGIShare2\DDGIServer2023\samples\rtxgi-server\include\graphics\Composite.h">
      <Filter>Header Files\Graphics</Filter>
    </ClInclude>
    <ClInclude Include="F:\gitHubRepositories\RemoteGIShare2\DDGIServer2023\samples\rtxgi-server\include\graphics\DDGI.h">
      <Filter>Header Files\Graphics</Filter>
    </ClInclude>
    <ClInclude Include="F:\gitHubRepositories\RemoteGIShare2\DDGIServer2023\samples\rtxgi-server\include\graphics\DDGIDefines.h">
      <Filter>Header Files\Graphics</Filter>
    </ClInclude>
    <ClInclude Include="F:\gitHubRepositories\RemoteGIShare2\DDGIServer2023\samples\rtxgi-server\include\graphics\DDGIShaderConfig.h">
      <Filter>Header Files\Graphics</Filter>
    </ClInclude>
    <ClInclude Include="F:\gitHubRepositories\RemoteGIShare2\DDGIServer2023\samples\rtxgi-server\include\graphics\DDGIVisualizations.h">
      <Filter>Header Files\Graphics</Filter>
    </ClInclude>
    <ClInclude Include="F:\gitHubRepositories\RemoteGIShare2\DDGIServer2023\samples\rtxgi-server\include\graphics\GBuffer.h">
      <Filter>Header Files\Graphics</Filter>
    </ClInclude>
    <ClInclude Include="F:\gitHubRepositories\RemoteGIShare2\DDGIServer2023\samples\rtxgi-server\include\graphics\PathTracing.h">
      <Filter>Header Files\Graphics</Filter>
    </ClInclude>
    <ClInclude Include="F:\gitHubRepositories\RemoteGIShare2\DDGIServer2023\samples\rtxgi-server\include\graphics\RTAO.h">
      <Filter>Header Files\Graphics</Filter>
    </ClInclude>
    <ClInclude Include="F:\gitHubRepositories\RemoteGIShare2\DDGIServer2023\samples\rtxgi-server\include\graphics\Types.h">
      <Filter>Header Files\Graphics</Filter>
    </ClInclude>
    <ClInclude Include="F:\gitHubRepositories\RemoteGIShare2\DDGIServer2023\samples\rtxgi-server\include\graphics\UI.h">
      <Filter>Header Files\Graphics</Filter>
    </ClInclude>
    <ClInclude Include="F:\gitHubRepositories\RemoteGIShare2\DDGIServer2023\samples\rtxgi-server\include\graphics\Composite_D3D12.h">
      <Filter>Header Files\Graphics</Filter>
    </ClInclude>
    <ClInclude Include="F:\gitHubRepositories\RemoteGIShare2\DDGIServer2023\samples\rtxgi-server\include\graphics\DDGIVisualizations_D3D12.h">
      <Filter>Header Files\Graphics</Filter>
    </ClInclude>
    <ClInclude Include="F:\gitHubRepositories\RemoteGIShare2\DDGIServer2023\samples\rtxgi-server\include\graphics\DDGI_D3D12.h">
      <Filter>Header Files\Graphics</Filter>
    </ClInclude>
    <ClInclude Include="F:\gitHubRepositories\RemoteGIShare2\DDGIServer2023\samples\rtxgi-server\include\graphics\GBuffer_D3D12.h">
      <Filter>Header Files\Graphics</Filter>
    </ClInclude>
    <ClInclude Include="F:\gitHubRepositories\RemoteGIShare2\DDGIServer2023\samples\rtxgi-server\include\graphics\PathTracing_D3D12.h">
      <Filter>Header Files\Graphics</Filter>
    </ClInclude>
    <ClInclude Include="F:\gitHubRepositories\RemoteGIShare2\DDGIServer2023\samples\rtxgi-server\include\graphics\RTAO_D3D12.h">
      <Filter>Header Files\Graphics</Filter>
    </ClInclude>
    <ClInclude Include="F:\gitHubRepositories\RemoteGIShare2\DDGIServer2023\samples\rtxgi-server\include\graphics\UI_D3D12.h">
      <Filter>Header Files\Graphics</Filter>
    </ClInclude>
    <ClInclude Include="F:\gitHubRepositories\RemoteGIShare2\DDGIServer2023\samples\rtxgi-server\include\thirdparty\directxtex\DirectXTex.h">
      <Filter>Header Files\Thirdparty\DirectXTex</Filter>
    </ClInclude>
    <ClInclude Include="F:\gitHubRepositories\RemoteGIShare2\DDGIServer2023\samples\rtxgi-server\include\thirdparty\directxtex\DirectXTex.inl">
      <Filter>Header Files\Thirdparty\DirectXTex</Filter>
    </ClInclude>
    <ClInclude Include="F:\gitHubRepositories\RemoteGIShare2\DDGIServer2023\samples\rtxgi-server\src\thirdparty\directxtex\DirectXTexP.h">
      <Filter>Header Files\Thirdparty\DirectXTex</Filter>
    </ClInclude>
  </ItemGroup>
  <ItemGroup>
    <CustomBuild Include="F:\gitHubRepositories\RemoteGIShare2\DDGIServer2023\samples\rtxgi-server\CMakeLists.txt" />
  </ItemGroup>
  <ItemGroup>
    <None Include="F:\gitHubRepositories\RemoteGIShare2\DDGIServer2023\samples\rtxgi-server\config\cornell.ini">
      <Filter>Config</Filter>
    </None>
    <None Include="F:\gitHubRepositories\RemoteGIShare2\DDGIServer2023\samples\rtxgi-server\config\furnace.ini">
      <Filter>Config</Filter>
    </None>
    <None Include="F:\gitHubRepositories\RemoteGIShare2\DDGIServer2023\samples\rtxgi-server\config\multi-cornell.ini">
      <Filter>Config</Filter>
    </None>
    <None Include="F:\gitHubRepositories\RemoteGIShare2\DDGIServer2023\samples\rtxgi-server\config\sponza.ini">
      <Filter>Config</Filter>
    </None>
    <None Include="F:\gitHubRepositories\RemoteGIShare2\DDGIServer2023\samples\rtxgi-server\config\tunnel.ini">
      <Filter>Config</Filter>
    </None>
    <None Include="F:\gitHubRepositories\RemoteGIShare2\DDGIServer2023\samples\rtxgi-server\config\two-rooms.ini">
      <Filter>Config</Filter>
    </None>
    <None Include="F:\gitHubRepositories\RemoteGIShare2\DDGIServer2023\samples\rtxgi-server\shaders\include\Common.hlsl">
      <Filter>Shaders\Include</Filter>
    </None>
    <None Include="F:\gitHubRepositories\RemoteGIShare2\DDGIServer2023\samples\rtxgi-server\shaders\include\Descriptors.hlsl">
      <Filter>Shaders\Include</Filter>
    </None>
    <None Include="F:\gitHubRepositories\RemoteGIShare2\DDGIServer2023\samples\rtxgi-server\shaders\include\Lighting.hlsl">
      <Filter>Shaders\Include</Filter>
    </None>
    <None Include="F:\gitHubRepositories\RemoteGIShare2\DDGIServer2023\samples\rtxgi-server\shaders\include\Platform.hlsl">
      <Filter>Shaders\Include</Filter>
    </None>
    <None Include="F:\gitHubRepositories\RemoteGIShare2\DDGIServer2023\samples\rtxgi-server\shaders\include\Random.hlsl">
      <Filter>Shaders\Include</Filter>
    </None>
    <None Include="F:\gitHubRepositories\RemoteGIShare2\DDGIServer2023\samples\rtxgi-server\shaders\include\RayTracing.hlsl">
      <Filter>Shaders\Include</Filter>
    </None>
    <None Include="F:\gitHubRepositories\RemoteGIShare2\DDGIServer2023\samples\rtxgi-server\shaders\AHS.hlsl">
      <Filter>Shaders</Filter>
    </None>
    <None Include="F:\gitHubRepositories\RemoteGIShare2\DDGIServer2023\samples\rtxgi-server\shaders\CHS.hlsl">
      <Filter>Shaders</Filter>
    </None>
    <None Include="F:\gitHubRepositories\RemoteGIShare2\DDGIServer2023\samples\rtxgi-server\shaders\Composite.hlsl">
      <Filter>Shaders</Filter>
    </None>
    <None Include="F:\gitHubRepositories\RemoteGIShare2\DDGIServer2023\samples\rtxgi-server\shaders\GBufferRGS.hlsl">
      <Filter>Shaders</Filter>
    </None>
    <None Include="F:\gitHubRepositories\RemoteGIShare2\DDGIServer2023\samples\rtxgi-server\shaders\IndirectCS.hlsl">
      <Filter>Shaders</Filter>
    </None>
    <None Include="F:\gitHubRepositories\RemoteGIShare2\DDGIServer2023\samples\rtxgi-server\shaders\Miss.hlsl">
      <Filter>Shaders</Filter>
    </None>
    <None Include="F:\gitHubRepositories\RemoteGIShare2\DDGIServer2023\samples\rtxgi-server\shaders\PathTraceRGS.hlsl">
      <Filter>Shaders</Filter>
    </None>
    <None Include="F:\gitHubRepositories\RemoteGIShare2\DDGIServer2023\samples\rtxgi-server\shaders\RTAOFilterCS.hlsl">
      <Filter>Shaders</Filter>
    </None>
    <None Include="F:\gitHubRepositories\RemoteGIShare2\DDGIServer2023\samples\rtxgi-server\shaders\RTAOTraceRGS.hlsl">
      <Filter>Shaders</Filter>
    </None>
    <None Include="F:\gitHubRepositories\RemoteGIShare2\DDGIServer2023\samples\rtxgi-server\shaders\ddgi\ProbeTraceRGS.hlsl">
      <Filter>Shaders\DDGI</Filter>
    </None>
    <None Include="F:\gitHubRepositories\RemoteGIShare2\DDGIServer2023\samples\rtxgi-server\shaders\ddgi\visualizations\Descriptors.hlsl">
      <Filter>Shaders\DDGI\Visualizations</Filter>
    </None>
    <None Include="F:\gitHubRepositories\RemoteGIShare2\DDGIServer2023\samples\rtxgi-server\shaders\ddgi\visualizations\ProbesCHS.hlsl">
      <Filter>Shaders\DDGI\Visualizations</Filter>
    </None>
    <None Include="F:\gitHubRepositories\RemoteGIShare2\DDGIServer2023\samples\rtxgi-server\shaders\ddgi\visualizations\ProbesMiss.hlsl">
      <Filter>Shaders\DDGI\Visualizations</Filter>
    </None>
    <None Include="F:\gitHubRepositories\RemoteGIShare2\DDGIServer2023\samples\rtxgi-server\shaders\ddgi\visualizations\ProbesRGS.hlsl">
      <Filter>Shaders\DDGI\Visualizations</Filter>
    </None>
    <None Include="F:\gitHubRepositories\RemoteGIShare2\DDGIServer2023\samples\rtxgi-server\shaders\ddgi\visualizations\ProbesUpdateCS.hlsl">
      <Filter>Shaders\DDGI\Visualizations</Filter>
    </None>
    <None Include="F:\gitHubRepositories\RemoteGIShare2\DDGIServer2023\samples\rtxgi-server\shaders\ddgi\visualizations\VolumeTexturesCS.hlsl">
      <Filter>Shaders\DDGI\Visualizations</Filter>
    </None>
  </ItemGroup>
  <ItemGroup>
    <Filter Include="Config">
      <UniqueIdentifier>{57E26DF9-6A1F-369B-9855-19E0A0B64047}</UniqueIdentifier>
    </Filter>
    <Filter Include="Header Files">
      <UniqueIdentifier>{3156D596-CC64-3BCF-9C14-5E649A67198B}</UniqueIdentifier>
    </Filter>
    <Filter Include="Header Files\Graphics">
      <UniqueIdentifier>{F2D7652B-4926-3611-91A2-FFC69CC40F91}</UniqueIdentifier>
    </Filter>
    <Filter Include="Header Files\Thirdparty">
      <UniqueIdentifier>{15611812-284A-3101-8383-0EFFC1A56764}</UniqueIdentifier>
    </Filter>
    <Filter Include="Header Files\Thirdparty\DirectXTex">
      <UniqueIdentifier>{E256D2E3-6C05-376E-9866-C2D6DE7F22FE}</UniqueIdentifier>
    </Filter>
    <Filter Include="Shaders">
      <UniqueIdentifier>{F2F2BB0C-1B36-34ED-99A8-543E0E0C98C2}</UniqueIdentifier>
    </Filter>
    <Filter Include="Shaders\DDGI">
      <UniqueIdentifier>{16F8CC21-79D0-3B94-807E-86BC99B654C6}</UniqueIdentifier>
    </Filter>
    <Filter Include="Shaders\DDGI\Visualizations">
      <UniqueIdentifier>{AE7F7C39-088C-3BA2-A99C-2739335D2D61}</UniqueIdentifier>
    </Filter>
    <Filter Include="Shaders\Include">
      <UniqueIdentifier>{5D5C2E87-04AA-3C0C-9D28-1A8891409F6B}</UniqueIdentifier>
    </Filter>
    <Filter Include="Source Files">
      <UniqueIdentifier>{0A98CE41-BFC5-3037-8E6A-FCCFC5CA2A24}</UniqueIdentifier>
    </Filter>
    <Filter Include="Source Files\Graphics">
      <UniqueIdentifier>{9AC78F7A-7D76-32A9-91AF-90A1B5FA367B}</UniqueIdentifier>
    </Filter>
    <Filter Include="Source Files\Thirdparty">
      <UniqueIdentifier>{2BF74F34-56FF-3B89-8229-31D98798F042}</UniqueIdentifier>
    </Filter>
    <Filter Include="Source Files\Thirdparty\DirectXTex">
      <UniqueIdentifier>{2122B4EE-9579-3E18-813A-AEF425C2A3EF}</UniqueIdentifier>
    </Filter>
    <Filter Include="Source Files\Thirdparty\ImGui">
      <UniqueIdentifier>{086FB873-AC79-3F45-8B44-27706760C965}</UniqueIdentifier>
    </Filter>
  </ItemGroup>
</Project>
